
Microsoft Visual Studio Solution File, Format Version 12.00
# Visual Studio Version 17
VisualStudioVersion = 17.11.35222.181
MinimumVisualStudioVersion = 10.0.40219.1
Project("{8BC9CEB8-8B4A-11D0-8D11-00A0C91BC942}") = "Longest Common Prefix", "Longest Common Prefix.vcxproj", "{71186C54-5242-4F26-B8D7-A91844BEAFAB}"
EndProject
Global
	GlobalSection(SolutionConfigurationPlatforms) = preSolution
		Debug|x64 = Debug|x64
		Debug|x86 = Debug|x86
		Release|x64 = Release|x64
		Release|x86 = Release|x86
	EndGlobalSection
	GlobalSection(ProjectConfigurationPlatforms) = postSolution
		{71186C54-5242-4F26-B8D7-A91844BEAFAB}.Debug|x64.ActiveCfg = Debug|x64
		{71186C54-5242-4F26-B8D7-A91844BEAFAB}.Debug|x64.Build.0 = Debug|x64
		{71186C54-5242-4F26-B8D7-A91844BEAFAB}.Debug|x86.ActiveCfg = Debug|Win32
		{71186C54-5242-4F26-B8D7-A91844BEAFAB}.Debug|x86.Build.0 = Debug|Win32
		{71186C54-5242-4F26-B8D7-A91844BEAFAB}.Release|x64.ActiveCfg = Release|x64
		{71186C54-5242-4F26-B8D7-A91844BEAFAB}.Release|x64.Build.0 = Release|x64
		{71186C54-5242-4F26-B8D7-A91844BEAFAB}.Release|x86.ActiveCfg = Release|Win32
		{71186C54-5242-4F26-B8D7-A91844BEAFAB}.Release|x86.Build.0 = Release|Win32
	EndGlobalSection
	GlobalSection(SolutionProperties) = preSolution
		HideSolutionNode = FALSE
	EndGlobalSection
	GlobalSection(ExtensibilityGlobals) = postSolution
		SolutionGuid = {8B394934-A9E8-4D28-9ECF-6CD8C6F3A60C}
	EndGlobalSection
EndGlobal
